
Microsoft Visual Studio Solution File, Format Version 12.00
# Visual Studio Version 16
VisualStudioVersion = 16.0.30611.23
MinimumVisualStudioVersion = 10.0.40219.1
Project("{FAE04EC0-301F-11D3-BF4B-00C04F79EFBC}") = "SpeechTimeCalculator", "SpeechTimeCalculator\SpeechTimeCalculator.csproj", "{31556D42-25C2-4952-A8FA-AE60117DA804}"
EndProject
Global
	GlobalSection(SolutionConfigurationPlatforms) = preSolution
		Debug|Any CPU = Debug|Any CPU
		Release|Any CPU = Release|Any CPU
	EndGlobalSection
	GlobalSection(ProjectConfigurationPlatforms) = postSolution
		{31556D42-25C2-4952-A8FA-AE60117DA804}.Debug|Any CPU.ActiveCfg = Debug|Any CPU
		{31556D42-25C2-4952-A8FA-AE60117DA804}.Debug|Any CPU.Build.0 = Debug|Any CPU
		{31556D42-25C2-4952-A8FA-AE60117DA804}.Release|Any CPU.ActiveCfg = Release|Any CPU
		{31556D42-25C2-4952-A8FA-AE60117DA804}.Release|Any CPU.Build.0 = Release|Any CPU
	EndGlobalSection
	GlobalSection(SolutionProperties) = preSolution
		HideSolutionNode = FALSE
	EndGlobalSection
	GlobalSection(ExtensibilityGlobals) = postSolution
		SolutionGuid = {92F3C927-709F-4EF1-8000-C4998C0D7B22}
	EndGlobalSection
EndGlobal
